
Microsoft Visual Studio Solution File, Format Version 12.00
# Visual Studio Version 17
VisualStudioVersion = 17.12.35707.178
MinimumVisualStudioVersion = 10.0.40219.1
Project("{FAE04EC0-301F-11D3-BF4B-00C04F79EFBC}") = "SignalRConsola", "SignalRConsola\SignalRConsola.csproj", "{75BF5BA9-C86B-4DBB-AB74-4C50E93FF9D1}"
EndProject
Project("{FAE04EC0-301F-11D3-BF4B-00C04F79EFBC}") = "misFunciones", "..\misFunciones\misFunciones\misFunciones.csproj", "{A5B5DFD3-2950-4757-B999-03EF4C49B633}"
EndProject
Global
	GlobalSection(SolutionConfigurationPlatforms) = preSolution
		Debug|Any CPU = Debug|Any CPU
		Release|Any CPU = Release|Any CPU
	EndGlobalSection
	GlobalSection(ProjectConfigurationPlatforms) = postSolution
		{75BF5BA9-C86B-4DBB-AB74-4C50E93FF9D1}.Debug|Any CPU.ActiveCfg = Debug|Any CPU
		{75BF5BA9-C86B-4DBB-AB74-4C50E93FF9D1}.Debug|Any CPU.Build.0 = Debug|Any CPU
		{75BF5BA9-C86B-4DBB-AB74-4C50E93FF9D1}.Release|Any CPU.ActiveCfg = Release|Any CPU
		{75BF5BA9-C86B-4DBB-AB74-4C50E93FF9D1}.Release|Any CPU.Build.0 = Release|Any CPU
		{A5B5DFD3-2950-4757-B999-03EF4C49B633}.Debug|Any CPU.ActiveCfg = Debug|Any CPU
		{A5B5DFD3-2950-4757-B999-03EF4C49B633}.Debug|Any CPU.Build.0 = Debug|Any CPU
		{A5B5DFD3-2950-4757-B999-03EF4C49B633}.Release|Any CPU.ActiveCfg = Release|Any CPU
		{A5B5DFD3-2950-4757-B999-03EF4C49B633}.Release|Any CPU.Build.0 = Release|Any CPU
	EndGlobalSection
	GlobalSection(SolutionProperties) = preSolution
		HideSolutionNode = FALSE
	EndGlobalSection
EndGlobal
